
Microsoft Visual Studio Solution File, Format Version 12.00
# Visual Studio Version 16
VisualStudioVersion = 16.0.32901.82
MinimumVisualStudioVersion = 10.0.40219.1
Project("{FAE04EC0-301F-11D3-BF4B-00C04F79EFBC}") = "Mayla Fathin_20210140069_Exe2", "Mayla Fathin_20210140069_Exe2\Mayla Fathin_20210140069_Exe2.csproj", "{2FCD18C2-5B7F-4791-800D-D70EC40C2429}"
EndProject
Global
	GlobalSection(SolutionConfigurationPlatforms) = preSolution
		Debug|Any CPU = Debug|Any CPU
		Release|Any CPU = Release|Any CPU
	EndGlobalSection
	GlobalSection(ProjectConfigurationPlatforms) = postSolution
		{2FCD18C2-5B7F-4791-800D-D70EC40C2429}.Debug|Any CPU.ActiveCfg = Debug|Any CPU
		{2FCD18C2-5B7F-4791-800D-D70EC40C2429}.Debug|Any CPU.Build.0 = Debug|Any CPU
		{2FCD18C2-5B7F-4791-800D-D70EC40C2429}.Release|Any CPU.ActiveCfg = Release|Any CPU
		{2FCD18C2-5B7F-4791-800D-D70EC40C2429}.Release|Any CPU.Build.0 = Release|Any CPU
	EndGlobalSection
	GlobalSection(SolutionProperties) = preSolution
		HideSolutionNode = FALSE
	EndGlobalSection
	GlobalSection(ExtensibilityGlobals) = postSolution
		SolutionGuid = {C3245571-CB56-4DE6-89EF-A294C78B88D4}
	EndGlobalSection
EndGlobal
